// !$*UTF8*$!
{
	archiveVersion = 1;
	classes = {
	};
	objectVersion = 50;
	objects = {

/* Begin PBXBuildFile section */
		BC5E843D21FD51B400607B8D /* AppDelegate.m in Sources */ = {isa = PBXBuildFile; fileRef = BC5E843C21FD51B400607B8D /* AppDelegate.m */; };
		BC5E844021FD51B400607B8D /* ViewController.m in Sources */ = {isa = PBXBuildFile; fileRef = BC5E843F21FD51B400607B8D /* ViewController.m */; };
		BC5E844321FD51B400607B8D /* Main.storyboard in Resources */ = {isa = PBXBuildFile; fileRef = BC5E844121FD51B400607B8D /* Main.storyboard */; };
		BC5E844521FD51B700607B8D /* Assets.xcassets in Resources */ = {isa = PBXBuildFile; fileRef = BC5E844421FD51B700607B8D /* Assets.xcassets */; };
		BC5E844821FD51B700607B8D /* LaunchScreen.storyboard in Resources */ = {isa = PBXBuildFile; fileRef = BC5E844621FD51B700607B8D /* LaunchScreen.storyboard */; };
		BC5E844B21FD51B700607B8D /* main.m in Sources */ = {isa = PBXBuildFile; fileRef = BC5E844A21FD51B700607B8D /* main.m */; };
		BC5E84572201FCD300607B8D /* meme1.jpg in Resources */ = {isa = PBXBuildFile; fileRef = BC5E84532201FCD300607B8D /* meme1.jpg */; };
		BC5E845C2201FD3800607B8D /* meme2.png in Resources */ = {isa = PBXBuildFile; fileRef = BC5E84592201FD3800607B8D /* meme2.png */; };
		BC5E845D2201FD3800607B8D /* meme3.png in Resources */ = {isa = PBXBuildFile; fileRef = BC5E845A2201FD3800607B8D /* meme3.png */; };
		BC5E845E2201FD3800607B8D /* meme4.png in Resources */ = {isa = PBXBuildFile; fileRef = BC5E845B2201FD3800607B8D /* meme4.png */; };
		BC5E84602202423400607B8D /* memeGenerator.jpeg in Resources */ = {isa = PBXBuildFile; fileRef = BC5E845F2202423400607B8D /* memeGenerator.jpeg */; };
/* End PBXBuildFile section */

/* Begin PBXFileReference section */
		BC5E843821FD51B400607B8D /* CS441-Assignment1.app */ = {isa = PBXFileReference; explicitFileType = wrapper.application; includeInIndex = 0; path = "CS441-Assignment1.app"; sourceTree = BUILT_PRODUCTS_DIR; };
		BC5E843B21FD51B400607B8D /* AppDelegate.h */ = {isa = PBXFileReference; lastKnownFileType = sourcecode.c.h; path = AppDelegate.h; sourceTree = "<group>"; };
		BC5E843C21FD51B400607B8D /* AppDelegate.m */ = {isa = PBXFileReference; lastKnownFileType = sourcecode.c.objc; path = AppDelegate.m; sourceTree = "<group>"; };
		BC5E843E21FD51B400607B8D /* ViewController.h */ = {isa = PBXFileReference; lastKnownFileType = sourcecode.c.h; path = ViewController.h; sourceTree = "<group>"; };
		BC5E843F21FD51B400607B8D /* ViewController.m */ = {isa = PBXFileReference; lastKnownFileType = sourcecode.c.objc; path = ViewController.m; sourceTree = "<group>"; };
		BC5E844221FD51B400607B8D /* Base */ = {isa = PBXFileReference; lastKnownFileType = file.storyboard; name = Base; path = Base.lproj/Main.storyboard; sourceTree = "<group>"; };
		BC5E844421FD51B700607B8D /* Assets.xcassets */ = {isa = PBXFileReference; lastKnownFileType = folder.assetcatalog; path = Assets.xcassets; sourceTree = "<group>"; };
		BC5E844721FD51B700607B8D /* Base */ = {isa = PBXFileReference; lastKnownFileType = file.storyboard; name = Base; path = Base.lproj/LaunchScreen.storyboard; sourceTree = "<group>"; };
		BC5E844921FD51B700607B8D /* Info.plist */ = {isa = PBXFileReference; lastKnownFileType = text.plist.xml; path = Info.plist; sourceTree = "<group>"; };
		BC5E844A21FD51B700607B8D /* main.m */ = {isa = PBXFileReference; lastKnownFileType = sourcecode.c.objc; path = main.m; sourceTree = "<group>"; };
		BC5E84532201FCD300607B8D /* meme1.jpg */ = {isa = PBXFileReference; lastKnownFileType = image.jpeg; path = meme1.jpg; sourceTree = "<group>"; };
		BC5E84592201FD3800607B8D /* meme2.png */ = {isa = PBXFileReference; lastKnownFileType = image.png; path = meme2.png; sourceTree = "<group>"; };
		BC5E845A2201FD3800607B8D /* meme3.png */ = {isa = PBXFileReference; lastKnownFileType = image.png; path = meme3.png; sourceTree = "<group>"; };
		BC5E845B2201FD3800607B8D /* meme4.png */ = {isa = PBXFileReference; lastKnownFileType = image.png; path = meme4.png; sourceTree = "<group>"; };
		BC5E845F2202423400607B8D /* memeGenerator.jpeg */ = {isa = PBXFileReference; lastKnownFileType = image.jpeg; path = memeGenerator.jpeg; sourceTree = "<group>"; };
/* End PBXFileReference section */

/* Begin PBXFrameworksBuildPhase section */
		BC5E843521FD51B400607B8D /* Frameworks */ = {
			isa = PBXFrameworksBuildPhase;
			buildActionMask = 2147483647;
			files = (
			);
			runOnlyForDeploymentPostprocessing = 0;
		};
/* End PBXFrameworksBuildPhase section */

/* Begin PBXGroup section */
		BC5E842F21FD51B400607B8D = {
			isa = PBXGroup;
			children = (
				BC5E84592201FD3800607B8D /* meme2.png */,
				BC5E845A2201FD3800607B8D /* meme3.png */,
				BC5E845F2202423400607B8D /* memeGenerator.jpeg */,
				BC5E845B2201FD3800607B8D /* meme4.png */,
				BC5E84532201FCD300607B8D /* meme1.jpg */,
				BC5E843A21FD51B400607B8D /* CS441-Assignment1 */,
				BC5E843921FD51B400607B8D /* Products */,
			);
			sourceTree = "<group>";
		};
		BC5E843921FD51B400607B8D /* Products */ = {
			isa = PBXGroup;
			children = (
				BC5E843821FD51B400607B8D /* CS441-Assignment1.app */,
			);
			name = Products;
			sourceTree = "<group>";
		};
		BC5E843A21FD51B400607B8D /* CS441-Assignment1 */ = {
			isa = PBXGroup;
			children = (
				BC5E843B21FD51B400607B8D /* AppDelegate.h */,
				BC5E843C21FD51B400607B8D /* AppDelegate.m */,
				BC5E843E21FD51B400607B8D /* ViewController.h */,
				BC5E843F21FD51B400607B8D /* ViewController.m */,
				BC5E844121FD51B400607B8D /* Main.storyboard */,
				BC5E844421FD51B700607B8D /* Assets.xcassets */,
				BC5E844621FD51B700607B8D /* LaunchScreen.storyboard */,
				BC5E844921FD51B700607B8D /* Info.plist */,
				BC5E844A21FD51B700607B8D /* main.m */,
			);
			path = "CS441-Assignment1";
			sourceTree = "<group>";
		};
/* End PBXGroup section */

/* Begin PBXNativeTarget section */
		BC5E843721FD51B400607B8D /* CS441-Assignment1 */ = {
			isa = PBXNativeTarget;
			buildConfigurationList = BC5E844E21FD51B700607B8D /* Build configuration list for PBXNativeTarget "CS441-Assignment1" */;
			buildPhases = (
				BC5E843421FD51B400607B8D /* Sources */,
				BC5E843521FD51B400607B8D /* Frameworks */,
				BC5E843621FD51B400607B8D /* Resources */,
			);
			buildRules = (
			);
			dependencies = (
			);
			name = "CS441-Assignment1";
			productName = "CS441-Assignment1";
			productReference = BC5E843821FD51B400607B8D /* CS441-Assignment1.app */;
			productType = "com.apple.product-type.application";
		};
/* End PBXNativeTarget section */

/* Begin PBXProject section */
		BC5E843021FD51B400607B8D /* Project object */ = {
			isa = PBXProject;
			attributes = {
				LastUpgradeCheck = 1010;
				ORGANIZATIONNAME = "Taehyun Cho";
				TargetAttributes = {
					BC5E843721FD51B400607B8D = {
						CreatedOnToolsVersion = 10.1;
					};
				};
			};
			buildConfigurationList = BC5E843321FD51B400607B8D /* Build configuration list for PBXProject "CS441-Assignment1" */;
			compatibilityVersion = "Xcode 9.3";
			developmentRegion = en;
			hasScannedForEncodings = 0;
			knownRegions = (
				en,
				Base,
			);
			mainGroup = BC5E842F21FD51B400607B8D;
			productRefGroup = BC5E843921FD51B400607B8D /* Products */;
			projectDirPath = "";
			projectRoot = "";
			targets = (
				BC5E843721FD51B400607B8D /* CS441-Assignment1 */,
			);
		};
/* End PBXProject section */

/* Begin PBXResourcesBuildPhase section */
		BC5E843621FD51B400607B8D /* Resources */ = {
			isa = PBXResourcesBuildPhase;
			buildActionMask = 2147483647;
			files = (
				BC5E844821FD51B700607B8D /* LaunchScreen.storyboard in Resources */,
				BC5E84602202423400607B8D /* memeGenerator.jpeg in Resources */,
				BC5E844521FD51B700607B8D /* Assets.xcassets in Resources */,
				BC5E84572201FCD300607B8D /* meme1.jpg in Resources */,
				BC5E845D2201FD3800607B8D /* meme3.png in Resources */,
				BC5E845E2201FD3800607B8D /* meme4.png in Resources */,
				BC5E844321FD51B400607B8D /* Main.storyboard in Resources */,
				BC5E845C2201FD3800607B8D /* meme2.png in Resources */,
			);
			runOnlyForDeploymentPostprocessing = 0;
		};
/* End PBXResourcesBuildPhase section */

/* Begin PBXSourcesBuildPhase section */
		BC5E843421FD51B400607B8D /* Sources */ = {
			isa = PBXSourcesBuildPhase;
			buildActionMask = 2147483647;
			files = (
				BC5E844021FD51B400607B8D /* ViewController.m in Sources */,
				BC5E844B21FD51B700607B8D /* main.m in Sources */,
				BC5E843D21FD51B400607B8D /* AppDelegate.m in Sources */,
			);
			runOnlyForDeploymentPostprocessing = 0;
		};
/* End PBXSourcesBuildPhase section */

/* Begin PBXVariantGroup section */
		BC5E844121FD51B400607B8D /* Main.storyboard */ = {
			isa = PBXVariantGroup;
			children = (
				BC5E844221FD51B400607B8D /* Base */,
			);
			name = Main.storyboard;
			sourceTree = "<group>";
		};
		BC5E844621FD51B700607B8D /* LaunchScreen.storyboard */ = {
			isa = PBXVariantGroup;
			children = (
				BC5E844721FD51B700607B8D /* Base */,
			);
			name = LaunchScreen.storyboard;
			sourceTree = "<group>";
		};
/* End PBXVariantGroup section */

/* Begin XCBuildConfiguration section */
		BC5E844C21FD51B700607B8D /* Debug */ = {
			isa = XCBuildConfiguration;
			buildSettings = {
				ALWAYS_SEARCH_USER_PATHS = NO;
				CLANG_ANALYZER_NONNULL = YES;
				CLANG_ANALYZER_NUMBER_OBJECT_CONVERSION = YES_AGGRESSIVE;
				CLANG_CXX_LANGUAGE_STANDARD = "gnu++14";
				CLANG_CXX_LIBRARY = "libc++";
				CLANG_ENABLE_MODULES = YES;
				CLANG_ENABLE_OBJC_ARC = YES;
				CLANG_ENABLE_OBJC_WEAK = YES;
				CLANG_WARN_BLOCK_CAPTURE_AUTORELEASING = YES;
				CLANG_WARN_BOOL_CONVERSION = YES;
				CLANG_WARN_COMMA = YES;
				CLANG_WARN_CONSTANT_CONVERSION = YES;
				CLANG_WARN_DEPRECATED_OBJC_IMPLEMENTATIONS = YES;
				CLANG_WARN_DIRECT_OBJC_ISA_USAGE = YES_ERROR;
				CLANG_WARN_DOCUMENTATION_COMMENTS = YES;
				CLANG_WARN_EMPTY_BODY = YES;
				CLANG_WARN_ENUM_CONVERSION = YES;
				CLANG_WARN_INFINITE_RECURSION = YES;
				CLANG_WARN_INT_CONVERSION = YES;
				CLANG_WARN_NON_LITERAL_NULL_CONVERSION = YES;
				CLANG_WARN_OBJC_IMPLICIT_RETAIN_SELF = YES;
				CLANG_WARN_OBJC_LITERAL_CONVERSION = YES;
				CLANG_WARN_OBJC_ROOT_CLASS = YES_ERROR;
				CLANG_WARN_RANGE_LOOP_ANALYSIS = YES;
				CLANG_WARN_STRICT_PROTOTYPES = YES;
				CLANG_WARN_SUSPICIOUS_MOVE = YES;
				CLANG_WARN_UNGUARDED_AVAILABILITY = YES_AGGRESSIVE;
				CLANG_WARN_UNREACHABLE_CODE = YES;
				CLANG_WARN__DUPLICATE_METHOD_MATCH = YES;
				CODE_SIGN_IDENTITY = "iPhone Developer";
				COPY_PHASE_STRIP = NO;
				DEBUG_INFORMATION_FORMAT = dwarf;
				ENABLE_STRICT_OBJC_MSGSEND = YES;
				ENABLE_TESTABILITY = YES;
				GCC_C_LANGUAGE_STANDARD = gnu11;
				GCC_DYNAMIC_NO_PIC = NO;
				GCC_NO_COMMON_BLOCKS = YES;
				GCC_OPTIMIZATION_LEVEL = 0;
				GCC_PREPROCESSOR_DEFINITIONS = (
					"DEBUG=1",
					"$(inherited)",
				);
				GCC_WARN_64_TO_32_BIT_CONVERSION = YES;
				GCC_WARN_ABOUT_RETURN_TYPE = YES_ERROR;
				GCC_WARN_UNDECLARED_SELECTOR = YES;
				GCC_WARN_UNINITIALIZED_AUTOS = YES_AGGRESSIVE;
				GCC_WARN_UNUSED_FUNCTION = YES;
				GCC_WARN_UNUSED_VARIABLE = YES;
				IPHONEOS_DEPLOYMENT_TARGET = 12.1;
				MTL_ENABLE_DEBUG_INFO = INCLUDE_SOURCE;
				MTL_FAST_MATH = YES;
				ONLY_ACTIVE_ARCH = YES;
				SDKROOT = iphoneos;
			};
			name = Debug;
		};
		BC5E844D21FD51B700607B8D /* Release */ = {
			isa = XCBuildConfiguration;
			buildSettings = {
				ALWAYS_SEARCH_USER_PATHS = NO;
				CLANG_ANALYZER_NONNULL = YES;
				CLANG_ANALYZER_NUMBER_OBJECT_CONVERSION = YES_AGGRESSIVE;
				CLANG_CXX_LANGUAGE_STANDARD = "gnu++14";
				CLANG_CXX_LIBRARY = "libc++";
				CLANG_ENABLE_MODULES = YES;
				CLANG_ENABLE_OBJC_ARC = YES;
				CLANG_ENABLE_OBJC_WEAK = YES;
				CLANG_WARN_BLOCK_CAPTURE_AUTORELEASING = YES;
				CLANG_WARN_BOOL_CONVERSION = YES;
				CLANG_WARN_COMMA = YES;
				CLANG_WARN_CONSTANT_CONVERSION = YES;
				CLANG_WARN_DEPRECATED_OBJC_IMPLEMENTATIONS = YES;
				CLANG_WARN_DIRECT_OBJC_ISA_USAGE = YES_ERROR;
				CLANG_WARN_DOCUMENTATION_COMMENTS = YES;
				CLANG_WARN_EMPTY_BODY = YES;
				CLANG_WARN_ENUM_CONVERSION = YES;
				CLANG_WARN_INFINITE_RECURSION = YES;
				CLANG_WARN_INT_CONVERSION = YES;
				CLANG_WARN_NON_LITERAL_NULL_CONVERSION = YES;
				CLANG_WARN_OBJC_IMPLICIT_RETAIN_SELF = YES;
				CLANG_WARN_OBJC_LITERAL_CONVERSION = YES;
				CLANG_WARN_OBJC_ROOT_CLASS = YES_ERROR;
				CLANG_WARN_RANGE_LOOP_ANALYSIS = YES;
				CLANG_WARN_STRICT_PROTOTYPES = YES;
				CLANG_WARN_SUSPICIOUS_MOVE = YES;
				CLANG_WARN_UNGUARDED_AVAILABILITY = YES_AGGRESSIVE;
				CLANG_WARN_UNREACHABLE_CODE = YES;
				CLANG_WARN__DUPLICATE_METHOD_MATCH = YES;
				CODE_SIGN_IDENTITY = "iPhone Developer";
				COPY_PHASE_STRIP = NO;
				DEBUG_INFORMATION_FORMAT = "dwarf-with-dsym";
				ENABLE_NS_ASSERTIONS = NO;
				ENABLE_STRICT_OBJC_MSGSEND = YES;
				GCC_C_LANGUAGE_STANDARD = gnu11;
				GCC_NO_COMMON_BLOCKS = YES;
				GCC_WARN_64_TO_32_BIT_CONVERSION = YES;
				GCC_WARN_ABOUT_RETURN_TYPE = YES_ERROR;
				GCC_WARN_UNDECLARED_SELECTOR = YES;
				GCC_WARN_UNINITIALIZED_AUTOS = YES_AGGRESSIVE;
				GCC_WARN_UNUSED_FUNCTION = YES;
				GCC_WARN_UNUSED_VARIABLE = YES;
				IPHONEOS_DEPLOYMENT_TARGET = 12.1;
				MTL_ENABLE_DEBUG_INFO = NO;
				MTL_FAST_MATH = YES;
				SDKROOT = iphoneos;
				VALIDATE_PRODUCT = YES;
			};
			name = Release;
		};
		BC5E844F21FD51B700607B8D /* Debug */ = {
			isa = XCBuildConfiguration;
			buildSettings = {
				ASSETCATALOG_COMPILER_APPICON_NAME = AppIcon;
				CODE_SIGN_STYLE = Automatic;
				DEVELOPMENT_TEAM = 9UQB57TUFA;
				INFOPLIST_FILE = "CS441-Assignment1/Info.plist";
				LD_RUNPATH_SEARCH_PATHS = (
					"$(inherited)",
					"@executable_path/Frameworks",
				);
				PRODUCT_BUNDLE_IDENTIFIER = "Cho.Inc.CS441-Assignment1";
				PRODUCT_NAME = "$(TARGET_NAME)";
				TARGETED_DEVICE_FAMILY = "1,2";
			};
			name = Debug;
		};
		BC5E845021FD51B700607B8D /* Release */ = {
			isa = XCBuildConfiguration;
			buildSettings = {
				ASSETCATALOG_COMPILER_APPICON_NAME = AppIcon;
				CODE_SIGN_STYLE = Automatic;
				DEVELOPMENT_TEAM = 9UQB57TUFA;
				INFOPLIST_FILE = "CS441-Assignment1/Info.plist";
				LD_RUNPATH_SEARCH_PATHS = (
					"$(inherited)",
					"@executable_path/Frameworks",
				);
				PRODUCT_BUNDLE_IDENTIFIER = "Cho.Inc.CS441-Assignment1";
				PRODUCT_NAME = "$(TARGET_NAME)";
				TARGETED_DEVICE_FAMILY = "1,2";
			};
			name = Release;
		};
/* End XCBuildConfiguration section */

/* Begin XCConfigurationList section */
		BC5E843321FD51B400607B8D /* Build configuration list for PBXProject "CS441-Assignment1" */ = {
			isa = XCConfigurationList;
			buildConfigurations = (
				BC5E844C21FD51B700607B8D /* Debug */,
				BC5E844D21FD51B700607B8D /* Release */,
			);
			defaultConfigurationIsVisible = 0;
			defaultConfigurationName = Release;
		};
		BC5E844E21FD51B700607B8D /* Build configuration list for PBXNativeTarget "CS441-Assignment1" */ = {
			isa = XCConfigurationList;
			buildConfigurations = (
				BC5E844F21FD51B700607B8D /* Debug */,
				BC5E845021FD51B700607B8D /* Release */,
			);
			defaultConfigurationIsVisible = 0;
			defaultConfigurationName = Release;
		};
/* End XCConfigurationList section */
	};
	rootObject = BC5E843021FD51B400607B8D /* Project object */;
}
